
Microsoft Visual Studio Solution File, Format Version 12.00
# Visual Studio Version 16
VisualStudioVersion = 16.0.31402.337
MinimumVisualStudioVersion = 10.0.40219.1
Project("{8BC9CEB8-8B4A-11D0-8D11-00A0C91BC942}") = "CalcTut", "CalcTut\CalcTut.vcxproj", "{050F2B82-7BE0-4579-A43D-ECA1102D6B59}"
EndProject
Global
	GlobalSection(SolutionConfigurationPlatforms) = preSolution
		Debug|x64 = Debug|x64
		Debug|x86 = Debug|x86
		Release|x64 = Release|x64
		Release|x86 = Release|x86
	EndGlobalSection
	GlobalSection(ProjectConfigurationPlatforms) = postSolution
		{050F2B82-7BE0-4579-A43D-ECA1102D6B59}.Debug|x64.ActiveCfg = Debug|x64
		{050F2B82-7BE0-4579-A43D-ECA1102D6B59}.Debug|x64.Build.0 = Debug|x64
		{050F2B82-7BE0-4579-A43D-ECA1102D6B59}.Debug|x86.ActiveCfg = Debug|Win32
		{050F2B82-7BE0-4579-A43D-ECA1102D6B59}.Debug|x86.Build.0 = Debug|Win32
		{050F2B82-7BE0-4579-A43D-ECA1102D6B59}.Release|x64.ActiveCfg = Release|x64
		{050F2B82-7BE0-4579-A43D-ECA1102D6B59}.Release|x64.Build.0 = Release|x64
		{050F2B82-7BE0-4579-A43D-ECA1102D6B59}.Release|x86.ActiveCfg = Release|Win32
		{050F2B82-7BE0-4579-A43D-ECA1102D6B59}.Release|x86.Build.0 = Release|Win32
	EndGlobalSection
	GlobalSection(SolutionProperties) = preSolution
		HideSolutionNode = FALSE
	EndGlobalSection
	GlobalSection(ExtensibilityGlobals) = postSolution
		SolutionGuid = {5AC163AC-DDF1-412B-8CB1-3E36ABBC8EE5}
	EndGlobalSection
EndGlobal
